
Microsoft Visual Studio Solution File, Format Version 12.00
# Visual Studio Version 16
VisualStudioVersion = 16.0.30011.22
MinimumVisualStudioVersion = 10.0.40219.1
Project("{FAE04EC0-301F-11D3-BF4B-00C04F79EFBC}") = "Password-Generator", "Password-Generator\Password-Generator.csproj", "{88B2C094-2047-4CE6-AC20-0F806D5A0BE5}"
EndProject
Global
	GlobalSection(SolutionConfigurationPlatforms) = preSolution
		Debug|Any CPU = Debug|Any CPU
		Release|Any CPU = Release|Any CPU
	EndGlobalSection
	GlobalSection(ProjectConfigurationPlatforms) = postSolution
		{88B2C094-2047-4CE6-AC20-0F806D5A0BE5}.Debug|Any CPU.ActiveCfg = Debug|Any CPU
		{88B2C094-2047-4CE6-AC20-0F806D5A0BE5}.Debug|Any CPU.Build.0 = Debug|Any CPU
		{88B2C094-2047-4CE6-AC20-0F806D5A0BE5}.Release|Any CPU.ActiveCfg = Release|Any CPU
		{88B2C094-2047-4CE6-AC20-0F806D5A0BE5}.Release|Any CPU.Build.0 = Release|Any CPU
	EndGlobalSection
	GlobalSection(SolutionProperties) = preSolution
		HideSolutionNode = FALSE
	EndGlobalSection
	GlobalSection(ExtensibilityGlobals) = postSolution
		SolutionGuid = {C286CB89-8CDE-4345-A2D2-080D5A76FAA4}
	EndGlobalSection
EndGlobal
